
Microsoft Visual Studio Solution File, Format Version 11.00
# Visual Studio 2010
Project("{FAE04EC0-301F-11D3-BF4B-00C04F79EFBC}") = "HotelManagement", "HotelManagement\HotelManagement.csproj", "{F660C923-7ABC-41B6-8D80-033F2FA8A259}"
EndProject
Project("{FAE04EC0-301F-11D3-BF4B-00C04F79EFBC}") = "HotelManagement.Tests", "HotelManagement.Tests\HotelManagement.Tests.csproj", "{CBDA599F-3571-451D-B8D3-0859309095E1}"
EndProject
Global
	GlobalSection(SolutionConfigurationPlatforms) = preSolution
		Debug|Any CPU = Debug|Any CPU
		Release|Any CPU = Release|Any CPU
	EndGlobalSection
	GlobalSection(ProjectConfigurationPlatforms) = postSolution
		{F660C923-7ABC-41B6-8D80-033F2FA8A259}.Debug|Any CPU.ActiveCfg = Debug|Any CPU
		{F660C923-7ABC-41B6-8D80-033F2FA8A259}.Debug|Any CPU.Build.0 = Debug|Any CPU
		{F660C923-7ABC-41B6-8D80-033F2FA8A259}.Release|Any CPU.ActiveCfg = Release|Any CPU
		{F660C923-7ABC-41B6-8D80-033F2FA8A259}.Release|Any CPU.Build.0 = Release|Any CPU
		{CBDA599F-3571-451D-B8D3-0859309095E1}.Debug|Any CPU.ActiveCfg = Debug|Any CPU
		{CBDA599F-3571-451D-B8D3-0859309095E1}.Debug|Any CPU.Build.0 = Debug|Any CPU
		{CBDA599F-3571-451D-B8D3-0859309095E1}.Release|Any CPU.ActiveCfg = Release|Any CPU
		{CBDA599F-3571-451D-B8D3-0859309095E1}.Release|Any CPU.Build.0 = Release|Any CPU
	EndGlobalSection
	GlobalSection(SolutionProperties) = preSolution
		HideSolutionNode = FALSE
	EndGlobalSection
EndGlobal
